
Microsoft Visual Studio Solution File, Format Version 12.00
# Visual Studio Version 16
VisualStudioVersion = 16.0.31424.327
MinimumVisualStudioVersion = 10.0.40219.1
Project("{FAE04EC0-301F-11D3-BF4B-00C04F79EFBC}") = "MyShop.Core", "MyShop.Core\MyShop.Core.csproj", "{DBC3EE5A-B243-403C-BE80-678F39C041A6}"
EndProject
Project("{FAE04EC0-301F-11D3-BF4B-00C04F79EFBC}") = "MyShop.Services", "MyShop.Services\MyShop.Services.csproj", "{CB994456-67B7-4E0B-82FD-CFBAC275FBBE}"
EndProject
Project("{FAE04EC0-301F-11D3-BF4B-00C04F79EFBC}") = "MyShop.DataAccess.SQL", "MyShop.DataAccess.SQL\MyShop.DataAccess.SQL.csproj", "{1639105E-A41E-4624-80FA-FC41859CB9D3}"
EndProject
Project("{FAE04EC0-301F-11D3-BF4B-00C04F79EFBC}") = "MyShop.DataAccess.InMemory", "MyShop.DataAccess.InMemory\MyShop.DataAccess.InMemory.csproj", "{6B9B5EB8-8BDF-4D4B-A087-895263D18C92}"
EndProject
Project("{FAE04EC0-301F-11D3-BF4B-00C04F79EFBC}") = "MyShop.WebUI", "MyShop.WebUI\MyShop.WebUI.csproj", "{D4D6D0FC-9788-4A2D-8BBB-DDC4399DE296}"
EndProject
Project("{FAE04EC0-301F-11D3-BF4B-00C04F79EFBC}") = "MyShop.WebUI.Tests", "MyShop.WebUI.Tests\MyShop.WebUI.Tests.csproj", "{7B2F74E9-8D90-4CB0-BC36-557C4F36CBC4}"
EndProject
Global
	GlobalSection(SolutionConfigurationPlatforms) = preSolution
		Debug|Any CPU = Debug|Any CPU
		Release|Any CPU = Release|Any CPU
	EndGlobalSection
	GlobalSection(ProjectConfigurationPlatforms) = postSolution
		{DBC3EE5A-B243-403C-BE80-678F39C041A6}.Debug|Any CPU.ActiveCfg = Debug|Any CPU
		{DBC3EE5A-B243-403C-BE80-678F39C041A6}.Debug|Any CPU.Build.0 = Debug|Any CPU
		{DBC3EE5A-B243-403C-BE80-678F39C041A6}.Release|Any CPU.ActiveCfg = Release|Any CPU
		{DBC3EE5A-B243-403C-BE80-678F39C041A6}.Release|Any CPU.Build.0 = Release|Any CPU
		{CB994456-67B7-4E0B-82FD-CFBAC275FBBE}.Debug|Any CPU.ActiveCfg = Debug|Any CPU
		{CB994456-67B7-4E0B-82FD-CFBAC275FBBE}.Debug|Any CPU.Build.0 = Debug|Any CPU
		{CB994456-67B7-4E0B-82FD-CFBAC275FBBE}.Release|Any CPU.ActiveCfg = Release|Any CPU
		{CB994456-67B7-4E0B-82FD-CFBAC275FBBE}.Release|Any CPU.Build.0 = Release|Any CPU
		{1639105E-A41E-4624-80FA-FC41859CB9D3}.Debug|Any CPU.ActiveCfg = Debug|Any CPU
		{1639105E-A41E-4624-80FA-FC41859CB9D3}.Debug|Any CPU.Build.0 = Debug|Any CPU
		{1639105E-A41E-4624-80FA-FC41859CB9D3}.Release|Any CPU.ActiveCfg = Release|Any CPU
		{1639105E-A41E-4624-80FA-FC41859CB9D3}.Release|Any CPU.Build.0 = Release|Any CPU
		{6B9B5EB8-8BDF-4D4B-A087-895263D18C92}.Debug|Any CPU.ActiveCfg = Debug|Any CPU
		{6B9B5EB8-8BDF-4D4B-A087-895263D18C92}.Debug|Any CPU.Build.0 = Debug|Any CPU
		{6B9B5EB8-8BDF-4D4B-A087-895263D18C92}.Release|Any CPU.ActiveCfg = Release|Any CPU
		{6B9B5EB8-8BDF-4D4B-A087-895263D18C92}.Release|Any CPU.Build.0 = Release|Any CPU
		{D4D6D0FC-9788-4A2D-8BBB-DDC4399DE296}.Debug|Any CPU.ActiveCfg = Debug|Any CPU
		{D4D6D0FC-9788-4A2D-8BBB-DDC4399DE296}.Debug|Any CPU.Build.0 = Debug|Any CPU
		{D4D6D0FC-9788-4A2D-8BBB-DDC4399DE296}.Release|Any CPU.ActiveCfg = Release|Any CPU
		{D4D6D0FC-9788-4A2D-8BBB-DDC4399DE296}.Release|Any CPU.Build.0 = Release|Any CPU
		{7B2F74E9-8D90-4CB0-BC36-557C4F36CBC4}.Debug|Any CPU.ActiveCfg = Debug|Any CPU
		{7B2F74E9-8D90-4CB0-BC36-557C4F36CBC4}.Debug|Any CPU.Build.0 = Debug|Any CPU
		{7B2F74E9-8D90-4CB0-BC36-557C4F36CBC4}.Release|Any CPU.ActiveCfg = Release|Any CPU
		{7B2F74E9-8D90-4CB0-BC36-557C4F36CBC4}.Release|Any CPU.Build.0 = Release|Any CPU
	EndGlobalSection
	GlobalSection(SolutionProperties) = preSolution
		HideSolutionNode = FALSE
	EndGlobalSection
	GlobalSection(ExtensibilityGlobals) = postSolution
		SolutionGuid = {BA462DFB-6771-4924-AB2D-F25B164800A2}
	EndGlobalSection
EndGlobal
